{
  "name": "workspace",
  "version": "1.0.0",
  "lockfileVersion": 3,
  "requires": true,
  "packages": {
    "": {
      "name": "workspace",
      "version": "1.0.0",
      "license": "ISC",
      "dependencies": {
        "@react-hook/intersection-observer": "^3.1.2",
        "@react-hook/size": "^2.1.2",
        "framer-motion": "^12.11.3",
        "react-swipeable": "^7.0.2"
      }
    },
    "node_modules/@juggle/resize-observer": {
      "version": "3.4.0",
      "resolved": "https://registry.npmjs.org/@juggle/resize-observer/-/resize-observer-3.4.0.tgz",
      "integrity": "sha512-dfLbk+PwWvFzSxwk3n5ySL0hfBog779o8h68wK/7/APo/7cgyWp5jcXockbxdk5kFRkbeXWm4Fbi9FrdN381sA==",
      "license": "Apache-2.0"
    },
    "node_modules/@react-hook/intersection-observer": {
      "version": "3.1.2",
      "resolved": "https://registry.npmjs.org/@react-hook/intersection-observer/-/intersection-observer-3.1.2.tgz",
      "integrity": "sha512-mWU3BMkmmzyYMSuhO9wu3eJVP21N8TcgYm9bZnTrMwuM818bEk+0NRM3hP+c/TqA9Ln5C7qE53p1H0QMtzYdvQ==",
      "license": "MIT",
      "dependencies": {
        "@react-hook/passive-layout-effect": "^1.2.0",
        "intersection-observer": "^0.10.0"
      },
      "peerDependencies": {
        "react": ">=16.8"
      }
    },
    "node_modules/@react-hook/latest": {
      "version": "1.0.3",
      "resolved": "https://registry.npmjs.org/@react-hook/latest/-/latest-1.0.3.tgz",
      "integrity": "sha512-dy6duzl+JnAZcDbNTfmaP3xHiKtbXYOaz3G51MGVljh548Y8MWzTr+PHLOfvpypEVW9zwvl+VyKjbWKEVbV1Rg==",
      "license": "MIT",
      "peerDependencies": {
        "react": ">=16.8"
      }
    },
    "node_modules/@react-hook/passive-layout-effect": {
      "version": "1.2.1",
      "resolved": "https://registry.npmjs.org/@react-hook/passive-layout-effect/-/passive-layout-effect-1.2.1.tgz",
      "integrity": "sha512-IwEphTD75liO8g+6taS+4oqz+nnroocNfWVHWz7j+N+ZO2vYrc6PV1q7GQhuahL0IOR7JccFTsFKQ/mb6iZWAg==",
      "license": "MIT",
      "peerDependencies": {
        "react": ">=16.8"
      }
    },
    "node_modules/@react-hook/resize-observer": {
      "version": "1.2.6",
      "resolved": "https://registry.npmjs.org/@react-hook/resize-observer/-/resize-observer-1.2.6.tgz",
      "integrity": "sha512-DlBXtLSW0DqYYTW3Ft1/GQFZlTdKY5VAFIC4+km6IK5NiPPDFchGbEJm1j6pSgMqPRHbUQgHJX7RaR76ic1LWA==",
      "license": "MIT",
      "dependencies": {
        "@juggle/resize-observer": "^3.3.1",
        "@react-hook/latest": "^1.0.2",
        "@react-hook/passive-layout-effect": "^1.2.0"
      },
      "peerDependencies": {
        "react": ">=16.8"
      }
    },
    "node_modules/@react-hook/size": {
      "version": "2.1.2",
      "resolved": "https://registry.npmjs.org/@react-hook/size/-/size-2.1.2.tgz",
      "integrity": "sha512-BmE5asyRDxSuQ9p14FUKJ0iBRgV9cROjqNG9jT/EjCM+xHha1HVqbPoT+14FQg1K7xIydabClCibUY4+1tw/iw==",
      "license": "MIT",
      "dependencies": {
        "@react-hook/passive-layout-effect": "^1.2.0",
        "@react-hook/resize-observer": "^1.2.1"
      },
      "peerDependencies": {
        "react": ">=16.8"
      }
    },
    "node_modules/framer-motion": {
      "version": "12.11.3",
      "resolved": "https://registry.npmjs.org/framer-motion/-/framer-motion-12.11.3.tgz",
      "integrity": "sha512-ksUtDFBZtrbQFt4bEMFrFgo7camhmXcLeuylKQxEYSd9czkZ4tZmFROxWczWeu51WqC2m91ifpvgGCBLd0uviQ==",
      "license": "MIT",
      "dependencies": {
        "motion-dom": "^12.11.2",
        "motion-utils": "^12.9.4",
        "tslib": "^2.4.0"
      },
      "peerDependencies": {
        "@emotion/is-prop-valid": "*",
        "react": "^18.0.0 || ^19.0.0",
        "react-dom": "^18.0.0 || ^19.0.0"
      },
      "peerDependenciesMeta": {
        "@emotion/is-prop-valid": {
          "optional": true
        },
        "react": {
          "optional": true
        },
        "react-dom": {
          "optional": true
        }
      }
    },
    "node_modules/intersection-observer": {
      "version": "0.10.0",
      "resolved": "https://registry.npmjs.org/intersection-observer/-/intersection-observer-0.10.0.tgz",
      "integrity": "sha512-fn4bQ0Xq8FTej09YC/jqKZwtijpvARlRp6wxL5WTA6yPe2YWSJ5RJh7Nm79rK2qB0wr6iDQzH60XGq5V/7u8YQ==",
      "license": "W3C-20150513"
    },
    "node_modules/motion-dom": {
      "version": "12.11.2",
      "resolved": "https://registry.npmjs.org/motion-dom/-/motion-dom-12.11.2.tgz",
      "integrity": "sha512-wZ396XNNTI9GOkyrr80wFSbZc1JbIHSHTbLdririSbkEgahWWKmsHzsxyxqBBvuBU/iaQWVu1YCjdpXYNfo2yQ==",
      "license": "MIT",
      "dependencies": {
        "motion-utils": "^12.9.4"
      }
    },
    "node_modules/motion-utils": {
      "version": "12.9.4",
      "resolved": "https://registry.npmjs.org/motion-utils/-/motion-utils-12.9.4.tgz",
      "integrity": "sha512-BW3I65zeM76CMsfh3kHid9ansEJk9Qvl+K5cu4DVHKGsI52n76OJ4z2CUJUV+Mn3uEP9k1JJA3tClG0ggSrRcg==",
      "license": "MIT"
    },
    "node_modules/react": {
      "version": "19.1.0",
      "resolved": "https://registry.npmjs.org/react/-/react-19.1.0.tgz",
      "integrity": "sha512-FS+XFBNvn3GTAWq26joslQgWNoFu08F4kl0J4CgdNKADkdSGXQyTCnKteIAJy96Br6YbpEU1LSzV5dYtjMkMDg==",
      "license": "MIT",
      "peer": true,
      "engines": {
        "node": ">=0.10.0"
      }
    },
    "node_modules/react-swipeable": {
      "version": "7.0.2",
      "resolved": "https://registry.npmjs.org/react-swipeable/-/react-swipeable-7.0.2.tgz",
      "integrity": "sha512-v1Qx1l+aC2fdxKa9aKJiaU/ZxmJ5o98RMoFwUqAAzVWUcxgfHFXDDruCKXhw6zIYXm6V64JiHgP9f6mlME5l8w==",
      "license": "MIT",
      "peerDependencies": {
        "react": "^16.8.3 || ^17 || ^18 || ^19.0.0 || ^19.0.0-rc"
      }
    },
    "node_modules/tslib": {
      "version": "2.8.1",
      "resolved": "https://registry.npmjs.org/tslib/-/tslib-2.8.1.tgz",
      "integrity": "sha512-oJFu94HQb+KVduSUQL7wnpmqnfmLsOA/nAh6b6EH0wCEoK0/mPeXU6c3wKDV83MkOuHPRHtSXKKU99IBazS/2w==",
      "license": "0BSD"
    }
  }
}
